// !$*UTF8*$!
{
	archiveVersion = 1;
	classes = {
	};
	objectVersion = 56;
	objects = {

/* Begin PBXBuildFile section */
		C92FDFC828FEB860007DE261 /* Constants.swift in Sources */ = {isa = PBXBuildFile; fileRef = C92FDFC728FEB860007DE261 /* Constants.swift */; };
		C943D16B28FAD68E00738AA3 /* AppDelegate.swift in Sources */ = {isa = PBXBuildFile; fileRef = C943D16A28FAD68E00738AA3 /* AppDelegate.swift */; };
		C943D16D28FAD68E00738AA3 /* SceneDelegate.swift in Sources */ = {isa = PBXBuildFile; fileRef = C943D16C28FAD68E00738AA3 /* SceneDelegate.swift */; };
		C943D17428FAD68F00738AA3 /* Assets.xcassets in Resources */ = {isa = PBXBuildFile; fileRef = C943D17328FAD68F00738AA3 /* Assets.xcassets */; };
		C943D17728FAD68F00738AA3 /* LaunchScreen.storyboard in Resources */ = {isa = PBXBuildFile; fileRef = C943D17528FAD68F00738AA3 /* LaunchScreen.storyboard */; };
		C943D18228FAD68F00738AA3 /* CoolblueSearchTests.swift in Sources */ = {isa = PBXBuildFile; fileRef = C943D18128FAD68F00738AA3 /* CoolblueSearchTests.swift */; };
		C943D18C28FAD68F00738AA3 /* CoolblueSearchUITests.swift in Sources */ = {isa = PBXBuildFile; fileRef = C943D18B28FAD68F00738AA3 /* CoolblueSearchUITests.swift */; };
		C943D18E28FAD68F00738AA3 /* CoolblueSearchUITestsLaunchTests.swift in Sources */ = {isa = PBXBuildFile; fileRef = C943D18D28FAD68F00738AA3 /* CoolblueSearchUITestsLaunchTests.swift */; };
		C943D1A528FCCBDA00738AA3 /* SearchSevice.swift in Sources */ = {isa = PBXBuildFile; fileRef = C943D1A428FCCBDA00738AA3 /* SearchSevice.swift */; };
		C943D1AF28FCCBEC00738AA3 /* SearchEndpoint.swift in Sources */ = {isa = PBXBuildFile; fileRef = C943D1A828FCCBEC00738AA3 /* SearchEndpoint.swift */; };
		C943D1B028FCCBEC00738AA3 /* Result.swift in Sources */ = {isa = PBXBuildFile; fileRef = C943D1AA28FCCBEC00738AA3 /* Result.swift */; };
		C943D1B128FCCBEC00738AA3 /* HTTPMethod.swift in Sources */ = {isa = PBXBuildFile; fileRef = C943D1AB28FCCBEC00738AA3 /* HTTPMethod.swift */; };
		C943D1B228FCCBEC00738AA3 /* NetworkingService.swift in Sources */ = {isa = PBXBuildFile; fileRef = C943D1AC28FCCBEC00738AA3 /* NetworkingService.swift */; };
		C943D1B328FCCBEC00738AA3 /* NetworkError.swift in Sources */ = {isa = PBXBuildFile; fileRef = C943D1AD28FCCBEC00738AA3 /* NetworkError.swift */; };
		C943D1B428FCCBEC00738AA3 /* Endpoint.swift in Sources */ = {isa = PBXBuildFile; fileRef = C943D1AE28FCCBEC00738AA3 /* Endpoint.swift */; };
		C943D1C828FCCC0800738AA3 /* SearchResultsViewModel.swift in Sources */ = {isa = PBXBuildFile; fileRef = C943D1B728FCCC0800738AA3 /* SearchResultsViewModel.swift */; };
		C943D1CC28FCCC0800738AA3 /* SearchResponse.swift in Sources */ = {isa = PBXBuildFile; fileRef = C943D1BD28FCCC0800738AA3 /* SearchResponse.swift */; };
		C943D1CD28FCCC0800738AA3 /* SearchViewController.swift in Sources */ = {isa = PBXBuildFile; fileRef = C943D1BF28FCCC0800738AA3 /* SearchViewController.swift */; };
		C943D1CE28FCCC0800738AA3 /* SearchProductsTableViewCell.swift in Sources */ = {isa = PBXBuildFile; fileRef = C943D1C028FCCC0800738AA3 /* SearchProductsTableViewCell.swift */; };
		C943D1CF28FCCC0800738AA3 /* SearchProductsTableViewCell.xib in Resources */ = {isa = PBXBuildFile; fileRef = C943D1C128FCCC0800738AA3 /* SearchProductsTableViewCell.xib */; };
		C9E75A3E28FE197800C3288F /* UIColor+Extensions.swift in Sources */ = {isa = PBXBuildFile; fileRef = C9E75A3D28FE197800C3288F /* UIColor+Extensions.swift */; };
		C9F9CFF228FCE39500F50CC8 /* SearchProductsDiffableDataSource.swift in Sources */ = {isa = PBXBuildFile; fileRef = C9F9CFF128FCE39500F50CC8 /* SearchProductsDiffableDataSource.swift */; };
/* End PBXBuildFile section */

/* Begin PBXContainerItemProxy section */
		C943D17E28FAD68F00738AA3 /* PBXContainerItemProxy */ = {
			isa = PBXContainerItemProxy;
			containerPortal = C943D15F28FAD68E00738AA3 /* Project object */;
			proxyType = 1;
			remoteGlobalIDString = C943D16628FAD68E00738AA3;
			remoteInfo = CoolblueSearch;
		};
		C943D18828FAD68F00738AA3 /* PBXContainerItemProxy */ = {
			isa = PBXContainerItemProxy;
			containerPortal = C943D15F28FAD68E00738AA3 /* Project object */;
			proxyType = 1;
			remoteGlobalIDString = C943D16628FAD68E00738AA3;
			remoteInfo = CoolblueSearch;
		};
/* End PBXContainerItemProxy section */

/* Begin PBXFileReference section */
		C92FDFC728FEB860007DE261 /* Constants.swift */ = {isa = PBXFileReference; lastKnownFileType = sourcecode.swift; path = Constants.swift; sourceTree = "<group>"; };
		C943D16728FAD68E00738AA3 /* CoolblueSearch.app */ = {isa = PBXFileReference; explicitFileType = wrapper.application; includeInIndex = 0; path = CoolblueSearch.app; sourceTree = BUILT_PRODUCTS_DIR; };
		C943D16A28FAD68E00738AA3 /* AppDelegate.swift */ = {isa = PBXFileReference; lastKnownFileType = sourcecode.swift; path = AppDelegate.swift; sourceTree = "<group>"; };
		C943D16C28FAD68E00738AA3 /* SceneDelegate.swift */ = {isa = PBXFileReference; lastKnownFileType = sourcecode.swift; path = SceneDelegate.swift; sourceTree = "<group>"; };
		C943D17328FAD68F00738AA3 /* Assets.xcassets */ = {isa = PBXFileReference; lastKnownFileType = folder.assetcatalog; path = Assets.xcassets; sourceTree = "<group>"; };
		C943D17628FAD68F00738AA3 /* Base */ = {isa = PBXFileReference; lastKnownFileType = file.storyboard; name = Base; path = Base.lproj/LaunchScreen.storyboard; sourceTree = "<group>"; };
		C943D17828FAD68F00738AA3 /* Info.plist */ = {isa = PBXFileReference; lastKnownFileType = text.plist.xml; path = Info.plist; sourceTree = "<group>"; };
		C943D17D28FAD68F00738AA3 /* CoolblueSearchTests.xctest */ = {isa = PBXFileReference; explicitFileType = wrapper.cfbundle; includeInIndex = 0; path = CoolblueSearchTests.xctest; sourceTree = BUILT_PRODUCTS_DIR; };
		C943D18128FAD68F00738AA3 /* CoolblueSearchTests.swift */ = {isa = PBXFileReference; lastKnownFileType = sourcecode.swift; path = CoolblueSearchTests.swift; sourceTree = "<group>"; };
		C943D18728FAD68F00738AA3 /* CoolblueSearchUITests.xctest */ = {isa = PBXFileReference; explicitFileType = wrapper.cfbundle; includeInIndex = 0; path = CoolblueSearchUITests.xctest; sourceTree = BUILT_PRODUCTS_DIR; };
		C943D18B28FAD68F00738AA3 /* CoolblueSearchUITests.swift */ = {isa = PBXFileReference; lastKnownFileType = sourcecode.swift; path = CoolblueSearchUITests.swift; sourceTree = "<group>"; };
		C943D18D28FAD68F00738AA3 /* CoolblueSearchUITestsLaunchTests.swift */ = {isa = PBXFileReference; lastKnownFileType = sourcecode.swift; path = CoolblueSearchUITestsLaunchTests.swift; sourceTree = "<group>"; };
		C943D1A428FCCBDA00738AA3 /* SearchSevice.swift */ = {isa = PBXFileReference; fileEncoding = 4; lastKnownFileType = sourcecode.swift; path = SearchSevice.swift; sourceTree = "<group>"; };
		C943D1A828FCCBEC00738AA3 /* SearchEndpoint.swift */ = {isa = PBXFileReference; fileEncoding = 4; lastKnownFileType = sourcecode.swift; path = SearchEndpoint.swift; sourceTree = "<group>"; };
		C943D1AA28FCCBEC00738AA3 /* Result.swift */ = {isa = PBXFileReference; fileEncoding = 4; lastKnownFileType = sourcecode.swift; path = Result.swift; sourceTree = "<group>"; };
		C943D1AB28FCCBEC00738AA3 /* HTTPMethod.swift */ = {isa = PBXFileReference; fileEncoding = 4; lastKnownFileType = sourcecode.swift; path = HTTPMethod.swift; sourceTree = "<group>"; };
		C943D1AC28FCCBEC00738AA3 /* NetworkingService.swift */ = {isa = PBXFileReference; fileEncoding = 4; lastKnownFileType = sourcecode.swift; path = NetworkingService.swift; sourceTree = "<group>"; };
		C943D1AD28FCCBEC00738AA3 /* NetworkError.swift */ = {isa = PBXFileReference; fileEncoding = 4; lastKnownFileType = sourcecode.swift; path = NetworkError.swift; sourceTree = "<group>"; };
		C943D1AE28FCCBEC00738AA3 /* Endpoint.swift */ = {isa = PBXFileReference; fileEncoding = 4; lastKnownFileType = sourcecode.swift; path = Endpoint.swift; sourceTree = "<group>"; };
		C943D1B728FCCC0800738AA3 /* SearchResultsViewModel.swift */ = {isa = PBXFileReference; fileEncoding = 4; lastKnownFileType = sourcecode.swift; path = SearchResultsViewModel.swift; sourceTree = "<group>"; };
		C943D1BD28FCCC0800738AA3 /* SearchResponse.swift */ = {isa = PBXFileReference; fileEncoding = 4; lastKnownFileType = sourcecode.swift; path = SearchResponse.swift; sourceTree = "<group>"; };
		C943D1BF28FCCC0800738AA3 /* SearchViewController.swift */ = {isa = PBXFileReference; fileEncoding = 4; lastKnownFileType = sourcecode.swift; path = SearchViewController.swift; sourceTree = "<group>"; };
		C943D1C028FCCC0800738AA3 /* SearchProductsTableViewCell.swift */ = {isa = PBXFileReference; fileEncoding = 4; lastKnownFileType = sourcecode.swift; path = SearchProductsTableViewCell.swift; sourceTree = "<group>"; };
		C943D1C128FCCC0800738AA3 /* SearchProductsTableViewCell.xib */ = {isa = PBXFileReference; fileEncoding = 4; lastKnownFileType = file.xib; path = SearchProductsTableViewCell.xib; sourceTree = "<group>"; };
		C9E75A3D28FE197800C3288F /* UIColor+Extensions.swift */ = {isa = PBXFileReference; lastKnownFileType = sourcecode.swift; path = "UIColor+Extensions.swift"; sourceTree = "<group>"; };
		C9F9CFF128FCE39500F50CC8 /* SearchProductsDiffableDataSource.swift */ = {isa = PBXFileReference; lastKnownFileType = sourcecode.swift; path = SearchProductsDiffableDataSource.swift; sourceTree = "<group>"; };
/* End PBXFileReference section */

/* Begin PBXFrameworksBuildPhase section */
		C943D16428FAD68E00738AA3 /* Frameworks */ = {
			isa = PBXFrameworksBuildPhase;
			buildActionMask = 2147483647;
			files = (
			);
			runOnlyForDeploymentPostprocessing = 0;
		};
		C943D17A28FAD68F00738AA3 /* Frameworks */ = {
			isa = PBXFrameworksBuildPhase;
			buildActionMask = 2147483647;
			files = (
			);
			runOnlyForDeploymentPostprocessing = 0;
		};
		C943D18428FAD68F00738AA3 /* Frameworks */ = {
			isa = PBXFrameworksBuildPhase;
			buildActionMask = 2147483647;
			files = (
			);
			runOnlyForDeploymentPostprocessing = 0;
		};
/* End PBXFrameworksBuildPhase section */

/* Begin PBXGroup section */
		C92FDFC628FEB09E007DE261 /* Features */ = {
			isa = PBXGroup;
			children = (
				C943D1B528FCCC0800738AA3 /* Search */,
			);
			path = Features;
			sourceTree = "<group>";
		};
		C943D15E28FAD68E00738AA3 = {
			isa = PBXGroup;
			children = (
				C943D16928FAD68E00738AA3 /* CoolblueSearch */,
				C943D18028FAD68F00738AA3 /* CoolblueSearchTests */,
				C943D18A28FAD68F00738AA3 /* CoolblueSearchUITests */,
				C943D16828FAD68E00738AA3 /* Products */,
			);
			sourceTree = "<group>";
		};
		C943D16828FAD68E00738AA3 /* Products */ = {
			isa = PBXGroup;
			children = (
				C943D16728FAD68E00738AA3 /* CoolblueSearch.app */,
				C943D17D28FAD68F00738AA3 /* CoolblueSearchTests.xctest */,
				C943D18728FAD68F00738AA3 /* CoolblueSearchUITests.xctest */,
			);
			name = Products;
			sourceTree = "<group>";
		};
		C943D16928FAD68E00738AA3 /* CoolblueSearch */ = {
			isa = PBXGroup;
			children = (
				C92FDFC628FEB09E007DE261 /* Features */,
				C943D1A628FCCBEC00738AA3 /* Network */,
				C943D1A328FCCBDA00738AA3 /* Services */,
				C9E75A3C28FE196700C3288F /* Helpers */,
				C943D16C28FAD68E00738AA3 /* SceneDelegate.swift */,
				C943D16A28FAD68E00738AA3 /* AppDelegate.swift */,
				C943D17328FAD68F00738AA3 /* Assets.xcassets */,
				C943D17528FAD68F00738AA3 /* LaunchScreen.storyboard */,
				C943D17828FAD68F00738AA3 /* Info.plist */,
			);
			path = CoolblueSearch;
			sourceTree = "<group>";
		};
		C943D18028FAD68F00738AA3 /* CoolblueSearchTests */ = {
			isa = PBXGroup;
			children = (
				C943D18128FAD68F00738AA3 /* CoolblueSearchTests.swift */,
			);
			path = CoolblueSearchTests;
			sourceTree = "<group>";
		};
		C943D18A28FAD68F00738AA3 /* CoolblueSearchUITests */ = {
			isa = PBXGroup;
			children = (
				C943D18B28FAD68F00738AA3 /* CoolblueSearchUITests.swift */,
				C943D18D28FAD68F00738AA3 /* CoolblueSearchUITestsLaunchTests.swift */,
			);
			path = CoolblueSearchUITests;
			sourceTree = "<group>";
		};
		C943D1A328FCCBDA00738AA3 /* Services */ = {
			isa = PBXGroup;
			children = (
				C943D1A428FCCBDA00738AA3 /* SearchSevice.swift */,
			);
			path = Services;
			sourceTree = "<group>";
		};
		C943D1A628FCCBEC00738AA3 /* Network */ = {
			isa = PBXGroup;
			children = (
				C943D1A728FCCBEC00738AA3 /* Endpoints */,
				C943D1A928FCCBEC00738AA3 /* Base */,
			);
			path = Network;
			sourceTree = "<group>";
		};
		C943D1A728FCCBEC00738AA3 /* Endpoints */ = {
			isa = PBXGroup;
			children = (
				C943D1A828FCCBEC00738AA3 /* SearchEndpoint.swift */,
			);
			path = Endpoints;
			sourceTree = "<group>";
		};
		C943D1A928FCCBEC00738AA3 /* Base */ = {
			isa = PBXGroup;
			children = (
				C943D1AA28FCCBEC00738AA3 /* Result.swift */,
				C943D1AB28FCCBEC00738AA3 /* HTTPMethod.swift */,
				C943D1AC28FCCBEC00738AA3 /* NetworkingService.swift */,
				C943D1AD28FCCBEC00738AA3 /* NetworkError.swift */,
				C943D1AE28FCCBEC00738AA3 /* Endpoint.swift */,
			);
			path = Base;
			sourceTree = "<group>";
		};
		C943D1B528FCCC0800738AA3 /* Search */ = {
			isa = PBXGroup;
			children = (
				C943D1BC28FCCC0800738AA3 /* Model */,
				C943D1B628FCCC0800738AA3 /* ViewModel */,
				C943D1BE28FCCC0800738AA3 /* View */,
			);
			path = Search;
			sourceTree = "<group>";
		};
		C943D1B628FCCC0800738AA3 /* ViewModel */ = {
			isa = PBXGroup;
			children = (
				C943D1B728FCCC0800738AA3 /* SearchResultsViewModel.swift */,
			);
			path = ViewModel;
			sourceTree = "<group>";
		};
		C943D1BC28FCCC0800738AA3 /* Model */ = {
			isa = PBXGroup;
			children = (
				C943D1BD28FCCC0800738AA3 /* SearchResponse.swift */,
			);
			path = Model;
			sourceTree = "<group>";
		};
		C943D1BE28FCCC0800738AA3 /* View */ = {
			isa = PBXGroup;
			children = (
				C943D1BF28FCCC0800738AA3 /* SearchViewController.swift */,
				C943D1C028FCCC0800738AA3 /* SearchProductsTableViewCell.swift */,
				C943D1C128FCCC0800738AA3 /* SearchProductsTableViewCell.xib */,
				C9F9CFF128FCE39500F50CC8 /* SearchProductsDiffableDataSource.swift */,
			);
			path = View;
			sourceTree = "<group>";
		};
		C9E75A3C28FE196700C3288F /* Helpers */ = {
			isa = PBXGroup;
			children = (
				C9E75A3D28FE197800C3288F /* UIColor+Extensions.swift */,
				C92FDFC728FEB860007DE261 /* Constants.swift */,
			);
			path = Helpers;
			sourceTree = "<group>";
		};
/* End PBXGroup section */

/* Begin PBXNativeTarget section */
		C943D16628FAD68E00738AA3 /* CoolblueSearch */ = {
			isa = PBXNativeTarget;
			buildConfigurationList = C943D19128FAD68F00738AA3 /* Build configuration list for PBXNativeTarget "CoolblueSearch" */;
			buildPhases = (
				C943D16328FAD68E00738AA3 /* Sources */,
				C943D16428FAD68E00738AA3 /* Frameworks */,
				C943D16528FAD68E00738AA3 /* Resources */,
			);
			buildRules = (
			);
			dependencies = (
			);
			name = CoolblueSearch;
			productName = CoolblueSearch;
			productReference = C943D16728FAD68E00738AA3 /* CoolblueSearch.app */;
			productType = "com.apple.product-type.application";
		};
		C943D17C28FAD68F00738AA3 /* CoolblueSearchTests */ = {
			isa = PBXNativeTarget;
			buildConfigurationList = C943D19428FAD68F00738AA3 /* Build configuration list for PBXNativeTarget "CoolblueSearchTests" */;
			buildPhases = (
				C943D17928FAD68F00738AA3 /* Sources */,
				C943D17A28FAD68F00738AA3 /* Frameworks */,
				C943D17B28FAD68F00738AA3 /* Resources */,
			);
			buildRules = (
			);
			dependencies = (
				C943D17F28FAD68F00738AA3 /* PBXTargetDependency */,
			);
			name = CoolblueSearchTests;
			productName = CoolblueSearchTests;
			productReference = C943D17D28FAD68F00738AA3 /* CoolblueSearchTests.xctest */;
			productType = "com.apple.product-type.bundle.unit-test";
		};
		C943D18628FAD68F00738AA3 /* CoolblueSearchUITests */ = {
			isa = PBXNativeTarget;
			buildConfigurationList = C943D19728FAD68F00738AA3 /* Build configuration list for PBXNativeTarget "CoolblueSearchUITests" */;
			buildPhases = (
				C943D18328FAD68F00738AA3 /* Sources */,
				C943D18428FAD68F00738AA3 /* Frameworks */,
				C943D18528FAD68F00738AA3 /* Resources */,
			);
			buildRules = (
			);
			dependencies = (
				C943D18928FAD68F00738AA3 /* PBXTargetDependency */,
			);
			name = CoolblueSearchUITests;
			productName = CoolblueSearchUITests;
			productReference = C943D18728FAD68F00738AA3 /* CoolblueSearchUITests.xctest */;
			productType = "com.apple.product-type.bundle.ui-testing";
		};
/* End PBXNativeTarget section */

/* Begin PBXProject section */
		C943D15F28FAD68E00738AA3 /* Project object */ = {
			isa = PBXProject;
			attributes = {
				BuildIndependentTargetsInParallel = 1;
				LastSwiftUpdateCheck = 1400;
				LastUpgradeCheck = 1400;
				TargetAttributes = {
					C943D16628FAD68E00738AA3 = {
						CreatedOnToolsVersion = 14.0.1;
					};
					C943D17C28FAD68F00738AA3 = {
						CreatedOnToolsVersion = 14.0.1;
						TestTargetID = C943D16628FAD68E00738AA3;
					};
					C943D18628FAD68F00738AA3 = {
						CreatedOnToolsVersion = 14.0.1;
						TestTargetID = C943D16628FAD68E00738AA3;
					};
				};
			};
			buildConfigurationList = C943D16228FAD68E00738AA3 /* Build configuration list for PBXProject "CoolblueSearch" */;
			compatibilityVersion = "Xcode 14.0";
			developmentRegion = en;
			hasScannedForEncodings = 0;
			knownRegions = (
				en,
				Base,
			);
			mainGroup = C943D15E28FAD68E00738AA3;
			productRefGroup = C943D16828FAD68E00738AA3 /* Products */;
			projectDirPath = "";
			projectRoot = "";
			targets = (
				C943D16628FAD68E00738AA3 /* CoolblueSearch */,
				C943D17C28FAD68F00738AA3 /* CoolblueSearchTests */,
				C943D18628FAD68F00738AA3 /* CoolblueSearchUITests */,
			);
		};
/* End PBXProject section */

/* Begin PBXResourcesBuildPhase section */
		C943D16528FAD68E00738AA3 /* Resources */ = {
			isa = PBXResourcesBuildPhase;
			buildActionMask = 2147483647;
			files = (
				C943D17728FAD68F00738AA3 /* LaunchScreen.storyboard in Resources */,
				C943D1CF28FCCC0800738AA3 /* SearchProductsTableViewCell.xib in Resources */,
				C943D17428FAD68F00738AA3 /* Assets.xcassets in Resources */,
			);
			runOnlyForDeploymentPostprocessing = 0;
		};
		C943D17B28FAD68F00738AA3 /* Resources */ = {
			isa = PBXResourcesBuildPhase;
			buildActionMask = 2147483647;
			files = (
			);
			runOnlyForDeploymentPostprocessing = 0;
		};
		C943D18528FAD68F00738AA3 /* Resources */ = {
			isa = PBXResourcesBuildPhase;
			buildActionMask = 2147483647;
			files = (
			);
			runOnlyForDeploymentPostprocessing = 0;
		};
/* End PBXResourcesBuildPhase section */

/* Begin PBXSourcesBuildPhase section */
		C943D16328FAD68E00738AA3 /* Sources */ = {
			isa = PBXSourcesBuildPhase;
			buildActionMask = 2147483647;
			files = (
				C943D1C828FCCC0800738AA3 /* SearchResultsViewModel.swift in Sources */,
				C9E75A3E28FE197800C3288F /* UIColor+Extensions.swift in Sources */,
				C943D1B028FCCBEC00738AA3 /* Result.swift in Sources */,
				C943D1CD28FCCC0800738AA3 /* SearchViewController.swift in Sources */,
				C943D1CE28FCCC0800738AA3 /* SearchProductsTableViewCell.swift in Sources */,
				C943D1CC28FCCC0800738AA3 /* SearchResponse.swift in Sources */,
				C9F9CFF228FCE39500F50CC8 /* SearchProductsDiffableDataSource.swift in Sources */,
				C92FDFC828FEB860007DE261 /* Constants.swift in Sources */,
				C943D16B28FAD68E00738AA3 /* AppDelegate.swift in Sources */,
				C943D1B428FCCBEC00738AA3 /* Endpoint.swift in Sources */,
				C943D1B228FCCBEC00738AA3 /* NetworkingService.swift in Sources */,
				C943D16D28FAD68E00738AA3 /* SceneDelegate.swift in Sources */,
				C943D1B328FCCBEC00738AA3 /* NetworkError.swift in Sources */,
				C943D1AF28FCCBEC00738AA3 /* SearchEndpoint.swift in Sources */,
				C943D1B128FCCBEC00738AA3 /* HTTPMethod.swift in Sources */,
				C943D1A528FCCBDA00738AA3 /* SearchSevice.swift in Sources */,
			);
			runOnlyForDeploymentPostprocessing = 0;
		};
		C943D17928FAD68F00738AA3 /* Sources */ = {
			isa = PBXSourcesBuildPhase;
			buildActionMask = 2147483647;
			files = (
				C943D18228FAD68F00738AA3 /* CoolblueSearchTests.swift in Sources */,
			);
			runOnlyForDeploymentPostprocessing = 0;
		};
		C943D18328FAD68F00738AA3 /* Sources */ = {
			isa = PBXSourcesBuildPhase;
			buildActionMask = 2147483647;
			files = (
				C943D18C28FAD68F00738AA3 /* CoolblueSearchUITests.swift in Sources */,
				C943D18E28FAD68F00738AA3 /* CoolblueSearchUITestsLaunchTests.swift in Sources */,
			);
			runOnlyForDeploymentPostprocessing = 0;
		};
/* End PBXSourcesBuildPhase section */

/* Begin PBXTargetDependency section */
		C943D17F28FAD68F00738AA3 /* PBXTargetDependency */ = {
			isa = PBXTargetDependency;
			target = C943D16628FAD68E00738AA3 /* CoolblueSearch */;
			targetProxy = C943D17E28FAD68F00738AA3 /* PBXContainerItemProxy */;
		};
		C943D18928FAD68F00738AA3 /* PBXTargetDependency */ = {
			isa = PBXTargetDependency;
			target = C943D16628FAD68E00738AA3 /* CoolblueSearch */;
			targetProxy = C943D18828FAD68F00738AA3 /* PBXContainerItemProxy */;
		};
/* End PBXTargetDependency section */

/* Begin PBXVariantGroup section */
		C943D17528FAD68F00738AA3 /* LaunchScreen.storyboard */ = {
			isa = PBXVariantGroup;
			children = (
				C943D17628FAD68F00738AA3 /* Base */,
			);
			name = LaunchScreen.storyboard;
			sourceTree = "<group>";
		};
/* End PBXVariantGroup section */

/* Begin XCBuildConfiguration section */
		C943D18F28FAD68F00738AA3 /* Debug */ = {
			isa = XCBuildConfiguration;
			buildSettings = {
				ALWAYS_SEARCH_USER_PATHS = NO;
				CLANG_ANALYZER_NONNULL = YES;
				CLANG_ANALYZER_NUMBER_OBJECT_CONVERSION = YES_AGGRESSIVE;
				CLANG_CXX_LANGUAGE_STANDARD = "gnu++20";
				CLANG_ENABLE_MODULES = YES;
				CLANG_ENABLE_OBJC_ARC = YES;
				CLANG_ENABLE_OBJC_WEAK = YES;
				CLANG_WARN_BLOCK_CAPTURE_AUTORELEASING = YES;
				CLANG_WARN_BOOL_CONVERSION = YES;
				CLANG_WARN_COMMA = YES;
				CLANG_WARN_CONSTANT_CONVERSION = YES;
				CLANG_WARN_DEPRECATED_OBJC_IMPLEMENTATIONS = YES;
				CLANG_WARN_DIRECT_OBJC_ISA_USAGE = YES_ERROR;
				CLANG_WARN_DOCUMENTATION_COMMENTS = YES;
				CLANG_WARN_EMPTY_BODY = YES;
				CLANG_WARN_ENUM_CONVERSION = YES;
				CLANG_WARN_INFINITE_RECURSION = YES;
				CLANG_WARN_INT_CONVERSION = YES;
				CLANG_WARN_NON_LITERAL_NULL_CONVERSION = YES;
				CLANG_WARN_OBJC_IMPLICIT_RETAIN_SELF = YES;
				CLANG_WARN_OBJC_LITERAL_CONVERSION = YES;
				CLANG_WARN_OBJC_ROOT_CLASS = YES_ERROR;
				CLANG_WARN_QUOTED_INCLUDE_IN_FRAMEWORK_HEADER = YES;
				CLANG_WARN_RANGE_LOOP_ANALYSIS = YES;
				CLANG_WARN_STRICT_PROTOTYPES = YES;
				CLANG_WARN_SUSPICIOUS_MOVE = YES;
				CLANG_WARN_UNGUARDED_AVAILABILITY = YES_AGGRESSIVE;
				CLANG_WARN_UNREACHABLE_CODE = YES;
				CLANG_WARN__DUPLICATE_METHOD_MATCH = YES;
				COPY_PHASE_STRIP = NO;
				DEBUG_INFORMATION_FORMAT = dwarf;
				ENABLE_STRICT_OBJC_MSGSEND = YES;
				ENABLE_TESTABILITY = YES;
				GCC_C_LANGUAGE_STANDARD = gnu11;
				GCC_DYNAMIC_NO_PIC = NO;
				GCC_NO_COMMON_BLOCKS = YES;
				GCC_OPTIMIZATION_LEVEL = 0;
				GCC_PREPROCESSOR_DEFINITIONS = (
					"DEBUG=1",
					"$(inherited)",
				);
				GCC_WARN_64_TO_32_BIT_CONVERSION = YES;
				GCC_WARN_ABOUT_RETURN_TYPE = YES_ERROR;
				GCC_WARN_UNDECLARED_SELECTOR = YES;
				GCC_WARN_UNINITIALIZED_AUTOS = YES_AGGRESSIVE;
				GCC_WARN_UNUSED_FUNCTION = YES;
				GCC_WARN_UNUSED_VARIABLE = YES;
				IPHONEOS_DEPLOYMENT_TARGET = 16.0;
				MTL_ENABLE_DEBUG_INFO = INCLUDE_SOURCE;
				MTL_FAST_MATH = YES;
				ONLY_ACTIVE_ARCH = YES;
				SDKROOT = iphoneos;
				SWIFT_ACTIVE_COMPILATION_CONDITIONS = DEBUG;
				SWIFT_OPTIMIZATION_LEVEL = "-Onone";
			};
			name = Debug;
		};
		C943D19028FAD68F00738AA3 /* Release */ = {
			isa = XCBuildConfiguration;
			buildSettings = {
				ALWAYS_SEARCH_USER_PATHS = NO;
				CLANG_ANALYZER_NONNULL = YES;
				CLANG_ANALYZER_NUMBER_OBJECT_CONVERSION = YES_AGGRESSIVE;
				CLANG_CXX_LANGUAGE_STANDARD = "gnu++20";
				CLANG_ENABLE_MODULES = YES;
				CLANG_ENABLE_OBJC_ARC = YES;
				CLANG_ENABLE_OBJC_WEAK = YES;
				CLANG_WARN_BLOCK_CAPTURE_AUTORELEASING = YES;
				CLANG_WARN_BOOL_CONVERSION = YES;
				CLANG_WARN_COMMA = YES;
				CLANG_WARN_CONSTANT_CONVERSION = YES;
				CLANG_WARN_DEPRECATED_OBJC_IMPLEMENTATIONS = YES;
				CLANG_WARN_DIRECT_OBJC_ISA_USAGE = YES_ERROR;
				CLANG_WARN_DOCUMENTATION_COMMENTS = YES;
				CLANG_WARN_EMPTY_BODY = YES;
				CLANG_WARN_ENUM_CONVERSION = YES;
				CLANG_WARN_INFINITE_RECURSION = YES;
				CLANG_WARN_INT_CONVERSION = YES;
				CLANG_WARN_NON_LITERAL_NULL_CONVERSION = YES;
				CLANG_WARN_OBJC_IMPLICIT_RETAIN_SELF = YES;
				CLANG_WARN_OBJC_LITERAL_CONVERSION = YES;
				CLANG_WARN_OBJC_ROOT_CLASS = YES_ERROR;
				CLANG_WARN_QUOTED_INCLUDE_IN_FRAMEWORK_HEADER = YES;
				CLANG_WARN_RANGE_LOOP_ANALYSIS = YES;
				CLANG_WARN_STRICT_PROTOTYPES = YES;
				CLANG_WARN_SUSPICIOUS_MOVE = YES;
				CLANG_WARN_UNGUARDED_AVAILABILITY = YES_AGGRESSIVE;
				CLANG_WARN_UNREACHABLE_CODE = YES;
				CLANG_WARN__DUPLICATE_METHOD_MATCH = YES;
				COPY_PHASE_STRIP = NO;
				DEBUG_INFORMATION_FORMAT = "dwarf-with-dsym";
				ENABLE_NS_ASSERTIONS = NO;
				ENABLE_STRICT_OBJC_MSGSEND = YES;
				GCC_C_LANGUAGE_STANDARD = gnu11;
				GCC_NO_COMMON_BLOCKS = YES;
				GCC_WARN_64_TO_32_BIT_CONVERSION = YES;
				GCC_WARN_ABOUT_RETURN_TYPE = YES_ERROR;
				GCC_WARN_UNDECLARED_SELECTOR = YES;
				GCC_WARN_UNINITIALIZED_AUTOS = YES_AGGRESSIVE;
				GCC_WARN_UNUSED_FUNCTION = YES;
				GCC_WARN_UNUSED_VARIABLE = YES;
				IPHONEOS_DEPLOYMENT_TARGET = 16.0;
				MTL_ENABLE_DEBUG_INFO = NO;
				MTL_FAST_MATH = YES;
				SDKROOT = iphoneos;
				SWIFT_COMPILATION_MODE = wholemodule;
				SWIFT_OPTIMIZATION_LEVEL = "-O";
				VALIDATE_PRODUCT = YES;
			};
			name = Release;
		};
		C943D19228FAD68F00738AA3 /* Debug */ = {
			isa = XCBuildConfiguration;
			buildSettings = {
				ASSETCATALOG_COMPILER_APPICON_NAME = AppIcon;
				ASSETCATALOG_COMPILER_GLOBAL_ACCENT_COLOR_NAME = AccentColor;
				CODE_SIGN_STYLE = Automatic;
				CURRENT_PROJECT_VERSION = 1;
				DEVELOPMENT_TEAM = 5AW47F9A3P;
				GENERATE_INFOPLIST_FILE = YES;
				INFOPLIST_FILE = CoolblueSearch/Info.plist;
				INFOPLIST_KEY_UIApplicationSupportsIndirectInputEvents = YES;
				INFOPLIST_KEY_UILaunchStoryboardName = LaunchScreen;
				INFOPLIST_KEY_UIMainStoryboardFile = "";
				INFOPLIST_KEY_UISupportedInterfaceOrientations_iPad = "UIInterfaceOrientationPortrait UIInterfaceOrientationPortraitUpsideDown UIInterfaceOrientationLandscapeLeft UIInterfaceOrientationLandscapeRight";
				INFOPLIST_KEY_UISupportedInterfaceOrientations_iPhone = "UIInterfaceOrientationPortrait UIInterfaceOrientationLandscapeLeft UIInterfaceOrientationLandscapeRight";
				LD_RUNPATH_SEARCH_PATHS = (
					"$(inherited)",
					"@executable_path/Frameworks",
				);
				MARKETING_VERSION = 1.0;
				PRODUCT_BUNDLE_IDENTIFIER = com.test.com.CoolblueSearch;
				PRODUCT_NAME = "$(TARGET_NAME)";
				SWIFT_EMIT_LOC_STRINGS = YES;
				SWIFT_VERSION = 5.0;
				TARGETED_DEVICE_FAMILY = "1,2";
			};
			name = Debug;
		};
		C943D19328FAD68F00738AA3 /* Release */ = {
			isa = XCBuildConfiguration;
			buildSettings = {
				ASSETCATALOG_COMPILER_APPICON_NAME = AppIcon;
				ASSETCATALOG_COMPILER_GLOBAL_ACCENT_COLOR_NAME = AccentColor;
				CODE_SIGN_STYLE = Automatic;
				CURRENT_PROJECT_VERSION = 1;
				DEVELOPMENT_TEAM = 5AW47F9A3P;
				GENERATE_INFOPLIST_FILE = YES;
				INFOPLIST_FILE = CoolblueSearch/Info.plist;
				INFOPLIST_KEY_UIApplicationSupportsIndirectInputEvents = YES;
				INFOPLIST_KEY_UILaunchStoryboardName = LaunchScreen;
				INFOPLIST_KEY_UIMainStoryboardFile = "";
				INFOPLIST_KEY_UISupportedInterfaceOrientations_iPad = "UIInterfaceOrientationPortrait UIInterfaceOrientationPortraitUpsideDown UIInterfaceOrientationLandscapeLeft UIInterfaceOrientationLandscapeRight";
				INFOPLIST_KEY_UISupportedInterfaceOrientations_iPhone = "UIInterfaceOrientationPortrait UIInterfaceOrientationLandscapeLeft UIInterfaceOrientationLandscapeRight";
				LD_RUNPATH_SEARCH_PATHS = (
					"$(inherited)",
					"@executable_path/Frameworks",
				);
				MARKETING_VERSION = 1.0;
				PRODUCT_BUNDLE_IDENTIFIER = com.test.com.CoolblueSearch;
				PRODUCT_NAME = "$(TARGET_NAME)";
				SWIFT_EMIT_LOC_STRINGS = YES;
				SWIFT_VERSION = 5.0;
				TARGETED_DEVICE_FAMILY = "1,2";
			};
			name = Release;
		};
		C943D19528FAD68F00738AA3 /* Debug */ = {
			isa = XCBuildConfiguration;
			buildSettings = {
				ALWAYS_EMBED_SWIFT_STANDARD_LIBRARIES = YES;
				BUNDLE_LOADER = "$(TEST_HOST)";
				CODE_SIGN_STYLE = Automatic;
				CURRENT_PROJECT_VERSION = 1;
				DEVELOPMENT_TEAM = 5AW47F9A3P;
				GENERATE_INFOPLIST_FILE = YES;
				IPHONEOS_DEPLOYMENT_TARGET = 16.0;
				MARKETING_VERSION = 1.0;
				PRODUCT_BUNDLE_IDENTIFIER = com.test.com.CoolblueSearchTests;
				PRODUCT_NAME = "$(TARGET_NAME)";
				SWIFT_EMIT_LOC_STRINGS = NO;
				SWIFT_VERSION = 5.0;
				TARGETED_DEVICE_FAMILY = "1,2";
				TEST_HOST = "$(BUILT_PRODUCTS_DIR)/CoolblueSearch.app/$(BUNDLE_EXECUTABLE_FOLDER_PATH)/CoolblueSearch";
			};
			name = Debug;
		};
		C943D19628FAD68F00738AA3 /* Release */ = {
			isa = XCBuildConfiguration;
			buildSettings = {
				ALWAYS_EMBED_SWIFT_STANDARD_LIBRARIES = YES;
				BUNDLE_LOADER = "$(TEST_HOST)";
				CODE_SIGN_STYLE = Automatic;
				CURRENT_PROJECT_VERSION = 1;
				DEVELOPMENT_TEAM = 5AW47F9A3P;
				GENERATE_INFOPLIST_FILE = YES;
				IPHONEOS_DEPLOYMENT_TARGET = 16.0;
				MARKETING_VERSION = 1.0;
				PRODUCT_BUNDLE_IDENTIFIER = com.test.com.CoolblueSearchTests;
				PRODUCT_NAME = "$(TARGET_NAME)";
				SWIFT_EMIT_LOC_STRINGS = NO;
				SWIFT_VERSION = 5.0;
				TARGETED_DEVICE_FAMILY = "1,2";
				TEST_HOST = "$(BUILT_PRODUCTS_DIR)/CoolblueSearch.app/$(BUNDLE_EXECUTABLE_FOLDER_PATH)/CoolblueSearch";
			};
			name = Release;
		};
		C943D19828FAD68F00738AA3 /* Debug */ = {
			isa = XCBuildConfiguration;
			buildSettings = {
				ALWAYS_EMBED_SWIFT_STANDARD_LIBRARIES = YES;
				CODE_SIGN_STYLE = Automatic;
				CURRENT_PROJECT_VERSION = 1;
				DEVELOPMENT_TEAM = 5AW47F9A3P;
				GENERATE_INFOPLIST_FILE = YES;
				MARKETING_VERSION = 1.0;
				PRODUCT_BUNDLE_IDENTIFIER = com.test.com.CoolblueSearchUITests;
				PRODUCT_NAME = "$(TARGET_NAME)";
				SWIFT_EMIT_LOC_STRINGS = NO;
				SWIFT_VERSION = 5.0;
				TARGETED_DEVICE_FAMILY = "1,2";
				TEST_TARGET_NAME = CoolblueSearch;
			};
			name = Debug;
		};
		C943D19928FAD68F00738AA3 /* Release */ = {
			isa = XCBuildConfiguration;
			buildSettings = {
				ALWAYS_EMBED_SWIFT_STANDARD_LIBRARIES = YES;
				CODE_SIGN_STYLE = Automatic;
				CURRENT_PROJECT_VERSION = 1;
				DEVELOPMENT_TEAM = 5AW47F9A3P;
				GENERATE_INFOPLIST_FILE = YES;
				MARKETING_VERSION = 1.0;
				PRODUCT_BUNDLE_IDENTIFIER = com.test.com.CoolblueSearchUITests;
				PRODUCT_NAME = "$(TARGET_NAME)";
				SWIFT_EMIT_LOC_STRINGS = NO;
				SWIFT_VERSION = 5.0;
				TARGETED_DEVICE_FAMILY = "1,2";
				TEST_TARGET_NAME = CoolblueSearch;
			};
			name = Release;
		};
/* End XCBuildConfiguration section */

/* Begin XCConfigurationList section */
		C943D16228FAD68E00738AA3 /* Build configuration list for PBXProject "CoolblueSearch" */ = {
			isa = XCConfigurationList;
			buildConfigurations = (
				C943D18F28FAD68F00738AA3 /* Debug */,
				C943D19028FAD68F00738AA3 /* Release */,
			);
			defaultConfigurationIsVisible = 0;
			defaultConfigurationName = Release;
		};
		C943D19128FAD68F00738AA3 /* Build configuration list for PBXNativeTarget "CoolblueSearch" */ = {
			isa = XCConfigurationList;
			buildConfigurations = (
				C943D19228FAD68F00738AA3 /* Debug */,
				C943D19328FAD68F00738AA3 /* Release */,
			);
			defaultConfigurationIsVisible = 0;
			defaultConfigurationName = Release;
		};
		C943D19428FAD68F00738AA3 /* Build configuration list for PBXNativeTarget "CoolblueSearchTests" */ = {
			isa = XCConfigurationList;
			buildConfigurations = (
				C943D19528FAD68F00738AA3 /* Debug */,
				C943D19628FAD68F00738AA3 /* Release */,
			);
			defaultConfigurationIsVisible = 0;
			defaultConfigurationName = Release;
		};
		C943D19728FAD68F00738AA3 /* Build configuration list for PBXNativeTarget "CoolblueSearchUITests" */ = {
			isa = XCConfigurationList;
			buildConfigurations = (
				C943D19828FAD68F00738AA3 /* Debug */,
				C943D19928FAD68F00738AA3 /* Release */,
			);
			defaultConfigurationIsVisible = 0;
			defaultConfigurationName = Release;
		};
/* End XCConfigurationList section */
	};
	rootObject = C943D15F28FAD68E00738AA3 /* Project object */;
}
